
Microsoft Visual Studio Solution File, Format Version 12.00
# Visual Studio Version 16
VisualStudioVersion = 16.0.30523.141
MinimumVisualStudioVersion = 10.0.40219.1
Project("{FAE04EC0-301F-11D3-BF4B-00C04F79EFBC}") = "SRMDataManager", "SRMDataManager\SRMDataManager.csproj", "{884161C0-E108-4521-8AD5-14B35D5D2092}"
EndProject
Project("{00D1A9C2-B5F0-4AF3-8072-F6C62B433612}") = "SRMData", "SRMData\SRMData.sqlproj", "{81EDE274-4695-4083-957B-0F7EBE93F65D}"
EndProject
Global
	GlobalSection(SolutionConfigurationPlatforms) = preSolution
		Debug|Any CPU = Debug|Any CPU
		Release|Any CPU = Release|Any CPU
	EndGlobalSection
	GlobalSection(ProjectConfigurationPlatforms) = postSolution
		{884161C0-E108-4521-8AD5-14B35D5D2092}.Debug|Any CPU.ActiveCfg = Debug|Any CPU
		{884161C0-E108-4521-8AD5-14B35D5D2092}.Debug|Any CPU.Build.0 = Debug|Any CPU
		{884161C0-E108-4521-8AD5-14B35D5D2092}.Release|Any CPU.ActiveCfg = Release|Any CPU
		{884161C0-E108-4521-8AD5-14B35D5D2092}.Release|Any CPU.Build.0 = Release|Any CPU
		{81EDE274-4695-4083-957B-0F7EBE93F65D}.Debug|Any CPU.ActiveCfg = Debug|Any CPU
		{81EDE274-4695-4083-957B-0F7EBE93F65D}.Debug|Any CPU.Build.0 = Debug|Any CPU
		{81EDE274-4695-4083-957B-0F7EBE93F65D}.Debug|Any CPU.Deploy.0 = Debug|Any CPU
		{81EDE274-4695-4083-957B-0F7EBE93F65D}.Release|Any CPU.ActiveCfg = Release|Any CPU
		{81EDE274-4695-4083-957B-0F7EBE93F65D}.Release|Any CPU.Build.0 = Release|Any CPU
		{81EDE274-4695-4083-957B-0F7EBE93F65D}.Release|Any CPU.Deploy.0 = Release|Any CPU
	EndGlobalSection
	GlobalSection(SolutionProperties) = preSolution
		HideSolutionNode = FALSE
	EndGlobalSection
	GlobalSection(ExtensibilityGlobals) = postSolution
		SolutionGuid = {4016117E-DF94-4854-9636-F788C0068908}
	EndGlobalSection
EndGlobal
